
Microsoft Visual Studio Solution File, Format Version 12.00
# Visual Studio Version 16
VisualStudioVersion = 16.0.30717.126
MinimumVisualStudioVersion = 10.0.40219.1
Project("{FAE04EC0-301F-11D3-BF4B-00C04F79EFBC}") = "gRPCOrderClient", "gRPCOrderClient\gRPCOrderClient.csproj", "{C098F847-BD01-466B-AFB7-8300526F7996}"
EndProject
Global
	GlobalSection(SolutionConfigurationPlatforms) = preSolution
		Debug|Any CPU = Debug|Any CPU
		Release|Any CPU = Release|Any CPU
	EndGlobalSection
	GlobalSection(ProjectConfigurationPlatforms) = postSolution
		{C098F847-BD01-466B-AFB7-8300526F7996}.Debug|Any CPU.ActiveCfg = Debug|Any CPU
		{C098F847-BD01-466B-AFB7-8300526F7996}.Debug|Any CPU.Build.0 = Debug|Any CPU
		{C098F847-BD01-466B-AFB7-8300526F7996}.Release|Any CPU.ActiveCfg = Release|Any CPU
		{C098F847-BD01-466B-AFB7-8300526F7996}.Release|Any CPU.Build.0 = Release|Any CPU
	EndGlobalSection
	GlobalSection(SolutionProperties) = preSolution
		HideSolutionNode = FALSE
	EndGlobalSection
	GlobalSection(ExtensibilityGlobals) = postSolution
		SolutionGuid = {4BCDCDFB-A2E3-4226-BB3E-12D13438F921}
	EndGlobalSection
EndGlobal
